
Microsoft Visual Studio Solution File, Format Version 12.00
# Visual Studio Version 16
VisualStudioVersion = 16.0.30309.148
MinimumVisualStudioVersion = 10.0.40219.1
Project("{FAE04EC0-301F-11D3-BF4B-00C04F79EFBC}") = "Lab3_git", "Lab3_git\Lab3_git.csproj", "{053E7AE6-286C-47CA-BFDD-7921F93FD6FD}"
EndProject
Global
	GlobalSection(SolutionConfigurationPlatforms) = preSolution
		Debug|Any CPU = Debug|Any CPU
		Release|Any CPU = Release|Any CPU
	EndGlobalSection
	GlobalSection(ProjectConfigurationPlatforms) = postSolution
		{053E7AE6-286C-47CA-BFDD-7921F93FD6FD}.Debug|Any CPU.ActiveCfg = Debug|Any CPU
		{053E7AE6-286C-47CA-BFDD-7921F93FD6FD}.Debug|Any CPU.Build.0 = Debug|Any CPU
		{053E7AE6-286C-47CA-BFDD-7921F93FD6FD}.Release|Any CPU.ActiveCfg = Release|Any CPU
		{053E7AE6-286C-47CA-BFDD-7921F93FD6FD}.Release|Any CPU.Build.0 = Release|Any CPU
	EndGlobalSection
	GlobalSection(SolutionProperties) = preSolution
		HideSolutionNode = FALSE
	EndGlobalSection
	GlobalSection(ExtensibilityGlobals) = postSolution
		SolutionGuid = {5E6420A7-9CF7-42D9-9709-2D141A124E3B}
	EndGlobalSection
EndGlobal
